
Microsoft Visual Studio Solution File, Format Version 12.00
# Visual Studio Version 17
VisualStudioVersion = 17.0.31903.59
MinimumVisualStudioVersion = 10.0.40219.1
Project("{FAE04EC0-301F-11D3-BF4B-00C04F79EFBC}") = "Command.Console", "Command.Console\Command.Console.csproj", "{995979A5-7486-43CC-9196-F3FEBEE834E5}"
EndProject
Project("{FAE04EC0-301F-11D3-BF4B-00C04F79EFBC}") = "Command.Domain", "Command.Domain\Command.Domain.csproj", "{1604187A-B74A-4290-AD87-C8685B73FEAC}"
EndProject
Project("{FAE04EC0-301F-11D3-BF4B-00C04F79EFBC}") = "Command.Application", "Command.Application\Command.Application.csproj", "{A72A06A5-42CE-4C97-A1CE-284EE2F77EAC}"
EndProject
Global
	GlobalSection(SolutionConfigurationPlatforms) = preSolution
		Debug|Any CPU = Debug|Any CPU
		Debug|x64 = Debug|x64
		Debug|x86 = Debug|x86
		Release|Any CPU = Release|Any CPU
		Release|x64 = Release|x64
		Release|x86 = Release|x86
	EndGlobalSection
	GlobalSection(ProjectConfigurationPlatforms) = postSolution
		{995979A5-7486-43CC-9196-F3FEBEE834E5}.Debug|Any CPU.ActiveCfg = Debug|Any CPU
		{995979A5-7486-43CC-9196-F3FEBEE834E5}.Debug|Any CPU.Build.0 = Debug|Any CPU
		{995979A5-7486-43CC-9196-F3FEBEE834E5}.Debug|x64.ActiveCfg = Debug|Any CPU
		{995979A5-7486-43CC-9196-F3FEBEE834E5}.Debug|x64.Build.0 = Debug|Any CPU
		{995979A5-7486-43CC-9196-F3FEBEE834E5}.Debug|x86.ActiveCfg = Debug|Any CPU
		{995979A5-7486-43CC-9196-F3FEBEE834E5}.Debug|x86.Build.0 = Debug|Any CPU
		{995979A5-7486-43CC-9196-F3FEBEE834E5}.Release|Any CPU.ActiveCfg = Release|Any CPU
		{995979A5-7486-43CC-9196-F3FEBEE834E5}.Release|Any CPU.Build.0 = Release|Any CPU
		{995979A5-7486-43CC-9196-F3FEBEE834E5}.Release|x64.ActiveCfg = Release|Any CPU
		{995979A5-7486-43CC-9196-F3FEBEE834E5}.Release|x64.Build.0 = Release|Any CPU
		{995979A5-7486-43CC-9196-F3FEBEE834E5}.Release|x86.ActiveCfg = Release|Any CPU
		{995979A5-7486-43CC-9196-F3FEBEE834E5}.Release|x86.Build.0 = Release|Any CPU
		{1604187A-B74A-4290-AD87-C8685B73FEAC}.Debug|Any CPU.ActiveCfg = Debug|Any CPU
		{1604187A-B74A-4290-AD87-C8685B73FEAC}.Debug|Any CPU.Build.0 = Debug|Any CPU
		{1604187A-B74A-4290-AD87-C8685B73FEAC}.Debug|x64.ActiveCfg = Debug|Any CPU
		{1604187A-B74A-4290-AD87-C8685B73FEAC}.Debug|x64.Build.0 = Debug|Any CPU
		{1604187A-B74A-4290-AD87-C8685B73FEAC}.Debug|x86.ActiveCfg = Debug|Any CPU
		{1604187A-B74A-4290-AD87-C8685B73FEAC}.Debug|x86.Build.0 = Debug|Any CPU
		{1604187A-B74A-4290-AD87-C8685B73FEAC}.Release|Any CPU.ActiveCfg = Release|Any CPU
		{1604187A-B74A-4290-AD87-C8685B73FEAC}.Release|Any CPU.Build.0 = Release|Any CPU
		{1604187A-B74A-4290-AD87-C8685B73FEAC}.Release|x64.ActiveCfg = Release|Any CPU
		{1604187A-B74A-4290-AD87-C8685B73FEAC}.Release|x64.Build.0 = Release|Any CPU
		{1604187A-B74A-4290-AD87-C8685B73FEAC}.Release|x86.ActiveCfg = Release|Any CPU
		{1604187A-B74A-4290-AD87-C8685B73FEAC}.Release|x86.Build.0 = Release|Any CPU
		{A72A06A5-42CE-4C97-A1CE-284EE2F77EAC}.Debug|Any CPU.ActiveCfg = Debug|Any CPU
		{A72A06A5-42CE-4C97-A1CE-284EE2F77EAC}.Debug|Any CPU.Build.0 = Debug|Any CPU
		{A72A06A5-42CE-4C97-A1CE-284EE2F77EAC}.Debug|x64.ActiveCfg = Debug|Any CPU
		{A72A06A5-42CE-4C97-A1CE-284EE2F77EAC}.Debug|x64.Build.0 = Debug|Any CPU
		{A72A06A5-42CE-4C97-A1CE-284EE2F77EAC}.Debug|x86.ActiveCfg = Debug|Any CPU
		{A72A06A5-42CE-4C97-A1CE-284EE2F77EAC}.Debug|x86.Build.0 = Debug|Any CPU
		{A72A06A5-42CE-4C97-A1CE-284EE2F77EAC}.Release|Any CPU.ActiveCfg = Release|Any CPU
		{A72A06A5-42CE-4C97-A1CE-284EE2F77EAC}.Release|Any CPU.Build.0 = Release|Any CPU
		{A72A06A5-42CE-4C97-A1CE-284EE2F77EAC}.Release|x64.ActiveCfg = Release|Any CPU
		{A72A06A5-42CE-4C97-A1CE-284EE2F77EAC}.Release|x64.Build.0 = Release|Any CPU
		{A72A06A5-42CE-4C97-A1CE-284EE2F77EAC}.Release|x86.ActiveCfg = Release|Any CPU
		{A72A06A5-42CE-4C97-A1CE-284EE2F77EAC}.Release|x86.Build.0 = Release|Any CPU
	EndGlobalSection
	GlobalSection(SolutionProperties) = preSolution
		HideSolutionNode = FALSE
	EndGlobalSection
EndGlobal
